
Microsoft Visual Studio Solution File, Format Version 12.00
# Visual Studio Version 17
VisualStudioVersion = 17.14.37012.4 d17.14
MinimumVisualStudioVersion = 10.0.40219.1
Project("{54A90642-561A-4BB1-A94E-469ADEE60C69}") = "escl8.dispatcherweb", "escl8.dispatcherweb.esproj", "{1ACAEFAF-713B-3200-8763-8965D7CBCB31}"
EndProject
Global
	GlobalSection(SolutionConfigurationPlatforms) = preSolution
		Debug|Any CPU = Debug|Any CPU
		Release|Any CPU = Release|Any CPU
	EndGlobalSection
	GlobalSection(ProjectConfigurationPlatforms) = postSolution
		{1ACAEFAF-713B-3200-8763-8965D7CBCB31}.Debug|Any CPU.ActiveCfg = Debug|Any CPU
		{1ACAEFAF-713B-3200-8763-8965D7CBCB31}.Debug|Any CPU.Build.0 = Debug|Any CPU
		{1ACAEFAF-713B-3200-8763-8965D7CBCB31}.Debug|Any CPU.Deploy.0 = Debug|Any CPU
		{1ACAEFAF-713B-3200-8763-8965D7CBCB31}.Release|Any CPU.ActiveCfg = Release|Any CPU
		{1ACAEFAF-713B-3200-8763-8965D7CBCB31}.Release|Any CPU.Build.0 = Release|Any CPU
		{1ACAEFAF-713B-3200-8763-8965D7CBCB31}.Release|Any CPU.Deploy.0 = Release|Any CPU
	EndGlobalSection
	GlobalSection(SolutionProperties) = preSolution
		HideSolutionNode = FALSE
	EndGlobalSection
	GlobalSection(ExtensibilityGlobals) = postSolution
		SolutionGuid = {EAEB6826-2659-4B56-8D5A-CFEDFC480C1D}
	EndGlobalSection
EndGlobal
